{
  "name": "my-pi-agent",
  "lockfileVersion": 3,
  "requires": true,
  "packages": {
    "": {
      "name": "my-pi-agent",
      "workspaces": [
        "packages/my-agent-tui"
      ]
    },
    "node_modules/my-agent-tui": {
      "resolved": "packages/my-agent-tui",
      "link": true
    },
    "packages/my-agent-tui": {
      "version": "0.1.0",
      "dependencies": {
        "@earendil-works/pi-tui": "^0.85.1",
        "chalk": "^5.4.1",
        "marked": "^15.0.7"
      },
      "bin": {
        "my-agent": "bin/my-agent.js",
        "my-agent-tui": "bin/my-agent.js"
      },
      "devDependencies": {
        "@types/node": "^22.13.10",
        "typescript": "^5.8.2"
      }
    },
    "packages/my-agent-tui/node_modules/@earendil-works/pi-tui": {
      "version": "0.85.1",
      "license": "MIT",
      "dependencies": {
        "get-east-asian-width": "1.6.0",
        "marked": "18.0.5"
      },
      "engines": {
        "node": ">=22.19.0"
      }
    },
    "packages/my-agent-tui/node_modules/@earendil-works/pi-tui/node_modules/marked": {
      "version": "18.0.5",
      "license": "MIT",
      "bin": {
        "marked": "bin/marked.js"
      },
      "engines": {
        "node": ">= 20"
      }
    },
    "packages/my-agent-tui/node_modules/@types/node": {
      "version": "22.20.2",
      "dev": true,
      "license": "MIT",
      "dependencies": {
        "undici-types": "~6.21.0"
      }
    },
    "packages/my-agent-tui/node_modules/chalk": {
      "version": "5.6.2",
      "license": "MIT",
      "engines": {
        "node": "^12.17.0 || ^14.13 || >=16.0.0"
      },
      "funding": {
        "url": "https://github.com/chalk/chalk?sponsor=1"
      }
    },
    "packages/my-agent-tui/node_modules/get-east-asian-width": {
      "version": "1.6.0",
      "license": "MIT",
      "engines": {
        "node": ">=18"
      },
      "funding": {
        "url": "https://github.com/sponsors/sindresorhus"
      }
    },
    "packages/my-agent-tui/node_modules/marked": {
      "version": "15.0.12",
      "license": "MIT",
      "bin": {
        "marked": "bin/marked.js"
      },
      "engines": {
        "node": ">= 18"
      }
    },
    "packages/my-agent-tui/node_modules/typescript": {
      "version": "5.9.3",
      "dev": true,
      "license": "Apache-2.0",
      "bin": {
        "tsc": "bin/tsc",
        "tsserver": "bin/tsserver"
      },
      "engines": {
        "node": ">=14.17"
      }
    },
    "packages/my-agent-tui/node_modules/undici-types": {
      "version": "6.21.0",
      "dev": true,
      "license": "MIT"
    }
  }
}
