{
  "name": "my-agent-shell",
  "version": "0.1.0",
  "lockfileVersion": 3,
  "requires": true,
  "packages": {
    "": {
      "name": "my-agent-shell",
      "version": "0.1.0",
      "dependencies": {
        "@earendil-works/pi-tui": "^0.85.1",
        "chalk": "^5.4.1",
        "marked": "^15.0.7"
      },
      "bin": {
        "my-agent": "bin/my-agent.js"
      },
      "devDependencies": {
        "@types/node": "^22.13.10",
        "typescript": "^5.8.2"
      }
    },
    "node_modules/@earendil-works/pi-tui": {
      "version": "0.85.1",
      "resolved": "https://registry.npmjs.org/@earendil-works/pi-tui/-/pi-tui-0.85.1.tgz",
      "integrity": "sha512-OIzw9efInmO4WOBnD4TxcTdBjmzvYJpzslkgoUro946nEGoYWg5rwv1p4fDt3/JvMx9QybryUCUwlm7j8Dreig==",
      "license": "MIT",
      "dependencies": {
        "get-east-asian-width": "1.6.0",
        "marked": "18.0.5"
      },
      "engines": {
        "node": ">=22.19.0"
      }
    },
    "node_modules/@earendil-works/pi-tui/node_modules/marked": {
      "version": "18.0.5",
      "resolved": "https://registry.npmjs.org/marked/-/marked-18.0.5.tgz",
      "integrity": "sha512-S6GcvALHg6K4ohtu4E7x0a1AqhAjp6cV8KhLSyN9qVapnzJkusVBxZRcIU9AeYsbe6P1hKDusSbEOzGyyuce6w==",
      "license": "MIT",
      "bin": {
        "marked": "bin/marked.js"
      },
      "engines": {
        "node": ">= 20"
      }
    },
    "node_modules/@types/node": {
      "version": "22.20.2",
      "resolved": "https://registry.npmjs.org/@types/node/-/node-22.20.2.tgz",
      "integrity": "sha512-xlvWf4Vs9n1PEVYwP1n4vvG07M6y8WgvJ2t0vbrWTmijsIHp1cS+uJ2kMIRdY3nHZK0nCYKrPeD171+SzF4/zw==",
      "dev": true,
      "license": "MIT",
      "dependencies": {
        "undici-types": "~6.21.0"
      }
    },
    "node_modules/chalk": {
      "version": "5.6.2",
      "resolved": "https://registry.npmjs.org/chalk/-/chalk-5.6.2.tgz",
      "integrity": "sha512-7NzBL0rN6fMUW+f7A6Io4h40qQlG+xGmtMxfbnH/K7TAtt8JQWVQK+6g0UXKMeVJoyV5EkkNsErQ8pVD3bLHbA==",
      "license": "MIT",
      "engines": {
        "node": "^12.17.0 || ^14.13 || >=16.0.0"
      },
      "funding": {
        "url": "https://github.com/chalk/chalk?sponsor=1"
      }
    },
    "node_modules/get-east-asian-width": {
      "version": "1.6.0",
      "resolved": "https://registry.npmjs.org/get-east-asian-width/-/get-east-asian-width-1.6.0.tgz",
      "integrity": "sha512-QRbvDIbx6YklUe6RxeTeleMR0yv3cYH6PsPZHcnVn7xv7zO1BHN8r0XETu8n6Ye3Q+ahtSarc3WgtNWmehIBfA==",
      "license": "MIT",
      "engines": {
        "node": ">=18"
      },
      "funding": {
        "url": "https://github.com/sponsors/sindresorhus"
      }
    },
    "node_modules/marked": {
      "version": "15.0.12",
      "resolved": "https://registry.npmjs.org/marked/-/marked-15.0.12.tgz",
      "integrity": "sha512-8dD6FusOQSrpv9Z1rdNMdlSgQOIP880DHqnohobOmYLElGEqAL/JvxvuxZO16r4HtjTlfPRDC1hbvxC9dPN2nA==",
      "license": "MIT",
      "bin": {
        "marked": "bin/marked.js"
      },
      "engines": {
        "node": ">= 18"
      }
    },
    "node_modules/typescript": {
      "version": "5.9.3",
      "resolved": "https://registry.npmjs.org/typescript/-/typescript-5.9.3.tgz",
      "integrity": "sha512-jl1vZzPDinLr9eUt3J/t7V6FgNEw9QjvBPdysz9KfQDD41fQrC2Y4vKQdiaUpFT4bXlb1RHhLpp8wtm6M5TgSw==",
      "dev": true,
      "license": "Apache-2.0",
      "bin": {
        "tsc": "bin/tsc",
        "tsserver": "bin/tsserver"
      },
      "engines": {
        "node": ">=14.17"
      }
    },
    "node_modules/undici-types": {
      "version": "6.21.0",
      "resolved": "https://registry.npmjs.org/undici-types/-/undici-types-6.21.0.tgz",
      "integrity": "sha512-iwDZqg0QAGrg9Rav5H4n0M64c3mkR59cJ6wQp+7C4nI0gsmExaedaYLNO44eT4AtBBwjbTiGPMlt2Md0T9H9JQ==",
      "dev": true,
      "license": "MIT"
    }
  }
}
